// !$*UTF8*$!
{
	archiveVersion = 1;
	classes = {
	};
	objectVersion = 56;
	objects = {

/* Begin PBXBuildFile section */
		272FC2D5297C774D005C6D43 /* PatriotRVWatchApp.swift in Sources */ = {isa = PBXBuildFile; fileRef = 272FC2D4297C774D005C6D43 /* PatriotRVWatchApp.swift */; };
		272FC2D7297C774D005C6D43 /* WatchHome.swift in Sources */ = {isa = PBXBuildFile; fileRef = 272FC2D6297C774D005C6D43 /* WatchHome.swift */; };
		272FC2D9297C774E005C6D43 /* Assets.xcassets in Resources */ = {isa = PBXBuildFile; fileRef = 272FC2D8297C774E005C6D43 /* Assets.xcassets */; };
		272FC2DC297C774E005C6D43 /* Preview Assets.xcassets in Resources */ = {isa = PBXBuildFile; fileRef = 272FC2DB297C774E005C6D43 /* Preview Assets.xcassets */; };
		272FC2DF297C774E005C6D43 /* PatriotRVWatchApp.app in Embed Watch Content */ = {isa = PBXBuildFile; fileRef = 272FC2D2297C774D005C6D43 /* PatriotRVWatchApp.app */; settings = {ATTRIBUTES = (RemoveHeadersOnCopy, ); }; };
		272FC2E5297C8838005C6D43 /* NavigationBarModifier.swift in Sources */ = {isa = PBXBuildFile; fileRef = 272FC2E4297C8838005C6D43 /* NavigationBarModifier.swift */; };
		272FC2E7297D59BE005C6D43 /* PowerView.swift in Sources */ = {isa = PBXBuildFile; fileRef = 272FC2E6297D59BE005C6D43 /* PowerView.swift */; };
		2736E294299BC1510044F681 /* TripMode.swift in Sources */ = {isa = PBXBuildFile; fileRef = 27C1912B29894390005556F4 /* TripMode.swift */; };
		273BEF0E298E8F2000A07284 /* ModelDataTests.swift in Sources */ = {isa = PBXBuildFile; fileRef = 273BEF0D298E8F2000A07284 /* ModelDataTests.swift */; };
		273FCCEA29A0F769002DB4A2 /* MockMQTTManager.swift in Sources */ = {isa = PBXBuildFile; fileRef = 273FCCE929A0F769002DB4A2 /* MockMQTTManager.swift */; };
		274DBC49299F9BBC007866BD /* TripRowView.swift in Sources */ = {isa = PBXBuildFile; fileRef = 274DBC48299F9BBC007866BD /* TripRowView.swift */; };
		274DBC4B299F9F98007866BD /* HomeChecklistRowView.swift in Sources */ = {isa = PBXBuildFile; fileRef = 274DBC4A299F9F98007866BD /* HomeChecklistRowView.swift */; };
		274DBC4D299FA906007866BD /* PowerRowView.swift in Sources */ = {isa = PBXBuildFile; fileRef = 274DBC4C299FA906007866BD /* PowerRowView.swift */; };
		274DBC4F299FAAD2007866BD /* LogRowView.swift in Sources */ = {isa = PBXBuildFile; fileRef = 274DBC4E299FAAD2007866BD /* LogRowView.swift */; };
		276004BB298D373000D26ACF /* Trips.swift in Sources */ = {isa = PBXBuildFile; fileRef = 276004BA298D373000D26ACF /* Trips.swift */; };
		276270B8297C1BC700844645 /* Checklist.swift in Sources */ = {isa = PBXBuildFile; fileRef = 276270B7297C1BC700844645 /* Checklist.swift */; };
		276270BA297C1BD000844645 /* ChecklistItem.swift in Sources */ = {isa = PBXBuildFile; fileRef = 276270B9297C1BD000844645 /* ChecklistItem.swift */; };
		276270BC297C1BD800844645 /* ModelData.swift in Sources */ = {isa = PBXBuildFile; fileRef = 276270BB297C1BD800844645 /* ModelData.swift */; };
		276270BE297C1BEB00844645 /* MQTTManager.swift in Sources */ = {isa = PBXBuildFile; fileRef = 276270BD297C1BEB00844645 /* MQTTManager.swift */; };
		276270C0297C1C7200844645 /* ChecklistView.swift in Sources */ = {isa = PBXBuildFile; fileRef = 276270BF297C1C7200844645 /* ChecklistView.swift */; };
		276270C3297C1E0D00844645 /* SwiftMQTT in Frameworks */ = {isa = PBXBuildFile; productRef = 276270C2297C1E0D00844645 /* SwiftMQTT */; };
		276270C6297C20A000844645 /* Colors.swift in Sources */ = {isa = PBXBuildFile; fileRef = 276270C5297C20A000844645 /* Colors.swift */; };
		276270C8297C20DD00844645 /* ImageHeader.swift in Sources */ = {isa = PBXBuildFile; fileRef = 276270C7297C20DD00844645 /* ImageHeader.swift */; };
		276270CA297C20E500844645 /* ChecklistRowView.swift in Sources */ = {isa = PBXBuildFile; fileRef = 276270C9297C20E500844645 /* ChecklistRowView.swift */; };
		276270CC297C211600844645 /* Checkmark.swift in Sources */ = {isa = PBXBuildFile; fileRef = 276270CB297C211600844645 /* Checkmark.swift */; };
		276270CE297C212A00844645 /* DetailView.swift in Sources */ = {isa = PBXBuildFile; fileRef = 276270CD297C212A00844645 /* DetailView.swift */; };
		276270D0297C213100844645 /* MenuView.swift in Sources */ = {isa = PBXBuildFile; fileRef = 276270CF297C213100844645 /* MenuView.swift */; };
		276270D2297C21AF00844645 /* MenuRowView.swift in Sources */ = {isa = PBXBuildFile; fileRef = 276270D1297C21AF00844645 /* MenuRowView.swift */; };
		276DDFC3297DD559008CEC48 /* PowerData.swift in Sources */ = {isa = PBXBuildFile; fileRef = 276DDFC2297DD559008CEC48 /* PowerData.swift */; };
		276DDFC6297DD8C0008CEC48 /* HomeView.swift in Sources */ = {isa = PBXBuildFile; fileRef = 276DDFC5297DD8C0008CEC48 /* HomeView.swift */; };
		276DDFC8297EADE3008CEC48 /* LogView.swift in Sources */ = {isa = PBXBuildFile; fileRef = 276DDFC7297EADE3008CEC48 /* LogView.swift */; };
		276DDFCA297EC130008CEC48 /* SettingsView.swift in Sources */ = {isa = PBXBuildFile; fileRef = 276DDFC9297EC130008CEC48 /* SettingsView.swift */; };
		2771BA5D29816F9A0093FCCB /* WidgetKit.framework in Frameworks */ = {isa = PBXBuildFile; fileRef = 2771BA5C29816F9A0093FCCB /* WidgetKit.framework */; };
		2771BA5F29816F9A0093FCCB /* SwiftUI.framework in Frameworks */ = {isa = PBXBuildFile; fileRef = 2771BA5E29816F9A0093FCCB /* SwiftUI.framework */; };
		2771BA6229816F9A0093FCCB /* PatriotRvWidgetBundle.swift in Sources */ = {isa = PBXBuildFile; fileRef = 2771BA6129816F9A0093FCCB /* PatriotRvWidgetBundle.swift */; };
		2771BA6429816F9A0093FCCB /* PowerWidgetLiveActivity.swift in Sources */ = {isa = PBXBuildFile; fileRef = 2771BA6329816F9A0093FCCB /* PowerWidgetLiveActivity.swift */; };
		2771BA6629816F9A0093FCCB /* PatriotRvWidget.swift in Sources */ = {isa = PBXBuildFile; fileRef = 2771BA6529816F9A0093FCCB /* PatriotRvWidget.swift */; };
		2771BA6929816F9C0093FCCB /* Assets.xcassets in Resources */ = {isa = PBXBuildFile; fileRef = 2771BA6829816F9C0093FCCB /* Assets.xcassets */; };
		2771BA6B29816F9C0093FCCB /* PatriotRvWidget.intentdefinition in Sources */ = {isa = PBXBuildFile; fileRef = 2771BA6729816F9A0093FCCB /* PatriotRvWidget.intentdefinition */; };
		2771BA6C29816F9C0093FCCB /* PatriotRvWidget.intentdefinition in Sources */ = {isa = PBXBuildFile; fileRef = 2771BA6729816F9A0093FCCB /* PatriotRvWidget.intentdefinition */; };
		2771BA6F29816F9C0093FCCB /* PatriotRvWidgetExtension.appex in Embed Foundation Extensions */ = {isa = PBXBuildFile; fileRef = 2771BA5A29816F9A0093FCCB /* PatriotRvWidgetExtension.appex */; settings = {ATTRIBUTES = (RemoveHeadersOnCopy, ); }; };
		277CA732298A8CE30000A570 /* Trip.swift in Sources */ = {isa = PBXBuildFile; fileRef = 277CA731298A8CE30000A570 /* Trip.swift */; };
		277CA735298A956E0000A570 /* DateExtension.swift in Sources */ = {isa = PBXBuildFile; fileRef = 277CA734298A956E0000A570 /* DateExtension.swift */; };
		277CA737298A98170000A570 /* TripListView.swift in Sources */ = {isa = PBXBuildFile; fileRef = 277CA736298A98170000A570 /* TripListView.swift */; };
		27BC94AE298D474500642680 /* TripTests.swift in Sources */ = {isa = PBXBuildFile; fileRef = 27BC94AD298D474500642680 /* TripTests.swift */; };
		27BC94B0298E8A4B00642680 /* DateExtensionTests.swift in Sources */ = {isa = PBXBuildFile; fileRef = 27BC94AF298E8A4B00642680 /* DateExtensionTests.swift */; };
		27C1912C29894390005556F4 /* TripMode.swift in Sources */ = {isa = PBXBuildFile; fileRef = 27C1912B29894390005556F4 /* TripMode.swift */; };
		27C1912D29894390005556F4 /* TripMode.swift in Sources */ = {isa = PBXBuildFile; fileRef = 27C1912B29894390005556F4 /* TripMode.swift */; };
		27C50B522997BD8900EF9DB5 /* MockMQTT.swift in Sources */ = {isa = PBXBuildFile; fileRef = 27C50B512997BD8900EF9DB5 /* MockMQTT.swift */; };
		27C50B562997C67500EF9DB5 /* Publishing.swift in Sources */ = {isa = PBXBuildFile; fileRef = 27C50B552997C67500EF9DB5 /* Publishing.swift */; };
		27C50B572997C67500EF9DB5 /* Publishing.swift in Sources */ = {isa = PBXBuildFile; fileRef = 27C50B552997C67500EF9DB5 /* Publishing.swift */; };
		27C50B582997C67500EF9DB5 /* Publishing.swift in Sources */ = {isa = PBXBuildFile; fileRef = 27C50B552997C67500EF9DB5 /* Publishing.swift */; };
		27C50B5C2997CB6900EF9DB5 /* Trip.swift in Sources */ = {isa = PBXBuildFile; fileRef = 277CA731298A8CE30000A570 /* Trip.swift */; };
		27C50B5D2997CB6A00EF9DB5 /* Trip.swift in Sources */ = {isa = PBXBuildFile; fileRef = 277CA731298A8CE30000A570 /* Trip.swift */; };
		27C50B6029984FB700EF9DB5 /* Connectivity.swift in Sources */ = {isa = PBXBuildFile; fileRef = 27C50B5F29984FB700EF9DB5 /* Connectivity.swift */; };
		27C50B63299919EB00EF9DB5 /* WatchModel.swift in Sources */ = {isa = PBXBuildFile; fileRef = 27C50B62299919EB00EF9DB5 /* WatchModel.swift */; };
		27C50B6829991D4D00EF9DB5 /* Checkmark.swift in Sources */ = {isa = PBXBuildFile; fileRef = 276270CB297C211600844645 /* Checkmark.swift */; };
		27C50B6A2999231900EF9DB5 /* ConnectivityUserInfoKey.swift in Sources */ = {isa = PBXBuildFile; fileRef = 27C50B692999231900EF9DB5 /* ConnectivityUserInfoKey.swift */; };
		27C50B6B2999231900EF9DB5 /* ConnectivityUserInfoKey.swift in Sources */ = {isa = PBXBuildFile; fileRef = 27C50B692999231900EF9DB5 /* ConnectivityUserInfoKey.swift */; };
		27C50B6D29992D2B00EF9DB5 /* ArrayExtensions.swift in Sources */ = {isa = PBXBuildFile; fileRef = 27C50B6C29992D2B00EF9DB5 /* ArrayExtensions.swift */; };
		27C50B702999415A00EF9DB5 /* DateExtension.swift in Sources */ = {isa = PBXBuildFile; fileRef = 277CA734298A956E0000A570 /* DateExtension.swift */; };
		27D1C37F2985B58C00D34DAC /* AddTripView.swift in Sources */ = {isa = PBXBuildFile; fileRef = 27D1C37E2985B58C00D34DAC /* AddTripView.swift */; };
		27D1C3812986B9D100D34DAC /* WidgetAttributes.swift in Sources */ = {isa = PBXBuildFile; fileRef = 27D1C3802986B9D100D34DAC /* WidgetAttributes.swift */; };
		27D1C3822986B9D100D34DAC /* WidgetAttributes.swift in Sources */ = {isa = PBXBuildFile; fileRef = 27D1C3802986B9D100D34DAC /* WidgetAttributes.swift */; };
		27F2A5AE297C141A00EFD417 /* PatriotRVApp.swift in Sources */ = {isa = PBXBuildFile; fileRef = 27F2A5AD297C141A00EFD417 /* PatriotRVApp.swift */; };
		27F2A5B2297C141B00EFD417 /* Assets.xcassets in Resources */ = {isa = PBXBuildFile; fileRef = 27F2A5B1297C141B00EFD417 /* Assets.xcassets */; };
		27F2A5B5297C141B00EFD417 /* Preview Assets.xcassets in Resources */ = {isa = PBXBuildFile; fileRef = 27F2A5B4297C141B00EFD417 /* Preview Assets.xcassets */; };
		27F2A5BF297C141B00EFD417 /* ChecklistTests.swift in Sources */ = {isa = PBXBuildFile; fileRef = 27F2A5BE297C141B00EFD417 /* ChecklistTests.swift */; };
		27F2A5C9297C141B00EFD417 /* PatriotRVUITests.swift in Sources */ = {isa = PBXBuildFile; fileRef = 27F2A5C8297C141B00EFD417 /* PatriotRVUITests.swift */; };
		27F2A5CB297C141B00EFD417 /* PatriotRVUITestsLaunchTests.swift in Sources */ = {isa = PBXBuildFile; fileRef = 27F2A5CA297C141B00EFD417 /* PatriotRVUITestsLaunchTests.swift */; };
/* End PBXBuildFile section */

/* Begin PBXContainerItemProxy section */
		272FC2DD297C774E005C6D43 /* PBXContainerItemProxy */ = {
			isa = PBXContainerItemProxy;
			containerPortal = 27F2A5A2297C141A00EFD417 /* Project object */;
			proxyType = 1;
			remoteGlobalIDString = 272FC2D1297C774D005C6D43;
			remoteInfo = "PatriotRVWatch Watch App";
		};
		2771BA6D29816F9C0093FCCB /* PBXContainerItemProxy */ = {
			isa = PBXContainerItemProxy;
			containerPortal = 27F2A5A2297C141A00EFD417 /* Project object */;
			proxyType = 1;
			remoteGlobalIDString = 2771BA5929816F9A0093FCCB;
			remoteInfo = PatriotRvWidgetExtension;
		};
		27F2A5BB297C141B00EFD417 /* PBXContainerItemProxy */ = {
			isa = PBXContainerItemProxy;
			containerPortal = 27F2A5A2297C141A00EFD417 /* Project object */;
			proxyType = 1;
			remoteGlobalIDString = 27F2A5A9297C141A00EFD417;
			remoteInfo = PatriotRV;
		};
		27F2A5C5297C141B00EFD417 /* PBXContainerItemProxy */ = {
			isa = PBXContainerItemProxy;
			containerPortal = 27F2A5A2297C141A00EFD417 /* Project object */;
			proxyType = 1;
			remoteGlobalIDString = 27F2A5A9297C141A00EFD417;
			remoteInfo = PatriotRV;
		};
/* End PBXContainerItemProxy section */

/* Begin PBXCopyFilesBuildPhase section */
		272FC2E0297C774E005C6D43 /* Embed Watch Content */ = {
			isa = PBXCopyFilesBuildPhase;
			buildActionMask = 2147483647;
			dstPath = "$(CONTENTS_FOLDER_PATH)/Watch";
			dstSubfolderSpec = 16;
			files = (
				272FC2DF297C774E005C6D43 /* PatriotRVWatchApp.app in Embed Watch Content */,
			);
			name = "Embed Watch Content";
			runOnlyForDeploymentPostprocessing = 0;
		};
		2771BA7029816F9C0093FCCB /* Embed Foundation Extensions */ = {
			isa = PBXCopyFilesBuildPhase;
			buildActionMask = 2147483647;
			dstPath = "";
			dstSubfolderSpec = 13;
			files = (
				2771BA6F29816F9C0093FCCB /* PatriotRvWidgetExtension.appex in Embed Foundation Extensions */,
			);
			name = "Embed Foundation Extensions";
			runOnlyForDeploymentPostprocessing = 0;
		};
/* End PBXCopyFilesBuildPhase section */

/* Begin PBXFileReference section */
		272FC2D2297C774D005C6D43 /* PatriotRVWatchApp.app */ = {isa = PBXFileReference; explicitFileType = wrapper.application; includeInIndex = 0; path = PatriotRVWatchApp.app; sourceTree = BUILT_PRODUCTS_DIR; };
		272FC2D4297C774D005C6D43 /* PatriotRVWatchApp.swift */ = {isa = PBXFileReference; lastKnownFileType = sourcecode.swift; path = PatriotRVWatchApp.swift; sourceTree = "<group>"; };
		272FC2D6297C774D005C6D43 /* WatchHome.swift */ = {isa = PBXFileReference; lastKnownFileType = sourcecode.swift; path = WatchHome.swift; sourceTree = "<group>"; };
		272FC2D8297C774E005C6D43 /* Assets.xcassets */ = {isa = PBXFileReference; lastKnownFileType = folder.assetcatalog; path = Assets.xcassets; sourceTree = "<group>"; };
		272FC2DB297C774E005C6D43 /* Preview Assets.xcassets */ = {isa = PBXFileReference; lastKnownFileType = folder.assetcatalog; path = "Preview Assets.xcassets"; sourceTree = "<group>"; };
		272FC2E4297C8838005C6D43 /* NavigationBarModifier.swift */ = {isa = PBXFileReference; fileEncoding = 4; lastKnownFileType = sourcecode.swift; path = NavigationBarModifier.swift; sourceTree = "<group>"; };
		272FC2E6297D59BE005C6D43 /* PowerView.swift */ = {isa = PBXFileReference; lastKnownFileType = sourcecode.swift; path = PowerView.swift; sourceTree = "<group>"; };
		273BEF0D298E8F2000A07284 /* ModelDataTests.swift */ = {isa = PBXFileReference; lastKnownFileType = sourcecode.swift; path = ModelDataTests.swift; sourceTree = "<group>"; };
		273FCCE929A0F769002DB4A2 /* MockMQTTManager.swift */ = {isa = PBXFileReference; lastKnownFileType = sourcecode.swift; path = MockMQTTManager.swift; sourceTree = "<group>"; };
		274DBC48299F9BBC007866BD /* TripRowView.swift */ = {isa = PBXFileReference; lastKnownFileType = sourcecode.swift; path = TripRowView.swift; sourceTree = "<group>"; };
		274DBC4A299F9F98007866BD /* HomeChecklistRowView.swift */ = {isa = PBXFileReference; lastKnownFileType = sourcecode.swift; path = HomeChecklistRowView.swift; sourceTree = "<group>"; };
		274DBC4C299FA906007866BD /* PowerRowView.swift */ = {isa = PBXFileReference; lastKnownFileType = sourcecode.swift; path = PowerRowView.swift; sourceTree = "<group>"; };
		274DBC4E299FAAD2007866BD /* LogRowView.swift */ = {isa = PBXFileReference; lastKnownFileType = sourcecode.swift; path = LogRowView.swift; sourceTree = "<group>"; };
		276004BA298D373000D26ACF /* Trips.swift */ = {isa = PBXFileReference; lastKnownFileType = sourcecode.swift; path = Trips.swift; sourceTree = "<group>"; };
		276270B7297C1BC700844645 /* Checklist.swift */ = {isa = PBXFileReference; fileEncoding = 4; lastKnownFileType = sourcecode.swift; path = Checklist.swift; sourceTree = "<group>"; };
		276270B9297C1BD000844645 /* ChecklistItem.swift */ = {isa = PBXFileReference; fileEncoding = 4; lastKnownFileType = sourcecode.swift; path = ChecklistItem.swift; sourceTree = "<group>"; };
		276270BB297C1BD800844645 /* ModelData.swift */ = {isa = PBXFileReference; fileEncoding = 4; lastKnownFileType = sourcecode.swift; path = ModelData.swift; sourceTree = "<group>"; };
		276270BD297C1BEB00844645 /* MQTTManager.swift */ = {isa = PBXFileReference; fileEncoding = 4; lastKnownFileType = sourcecode.swift; path = MQTTManager.swift; sourceTree = "<group>"; };
		276270BF297C1C7200844645 /* ChecklistView.swift */ = {isa = PBXFileReference; fileEncoding = 4; lastKnownFileType = sourcecode.swift; path = ChecklistView.swift; sourceTree = "<group>"; };
		276270C5297C20A000844645 /* Colors.swift */ = {isa = PBXFileReference; fileEncoding = 4; lastKnownFileType = sourcecode.swift; path = Colors.swift; sourceTree = "<group>"; };
		276270C7297C20DD00844645 /* ImageHeader.swift */ = {isa = PBXFileReference; fileEncoding = 4; lastKnownFileType = sourcecode.swift; path = ImageHeader.swift; sourceTree = "<group>"; };
		276270C9297C20E500844645 /* ChecklistRowView.swift */ = {isa = PBXFileReference; fileEncoding = 4; lastKnownFileType = sourcecode.swift; path = ChecklistRowView.swift; sourceTree = "<group>"; };
		276270CB297C211600844645 /* Checkmark.swift */ = {isa = PBXFileReference; fileEncoding = 4; lastKnownFileType = sourcecode.swift; path = Checkmark.swift; sourceTree = "<group>"; };
		276270CD297C212A00844645 /* DetailView.swift */ = {isa = PBXFileReference; fileEncoding = 4; lastKnownFileType = sourcecode.swift; path = DetailView.swift; sourceTree = "<group>"; };
		276270CF297C213100844645 /* MenuView.swift */ = {isa = PBXFileReference; fileEncoding = 4; lastKnownFileType = sourcecode.swift; path = MenuView.swift; sourceTree = "<group>"; };
		276270D1297C21AF00844645 /* MenuRowView.swift */ = {isa = PBXFileReference; fileEncoding = 4; lastKnownFileType = sourcecode.swift; path = MenuRowView.swift; sourceTree = "<group>"; };
		276DDFC2297DD559008CEC48 /* PowerData.swift */ = {isa = PBXFileReference; lastKnownFileType = sourcecode.swift; path = PowerData.swift; sourceTree = "<group>"; };
		276DDFC5297DD8C0008CEC48 /* HomeView.swift */ = {isa = PBXFileReference; lastKnownFileType = sourcecode.swift; path = HomeView.swift; sourceTree = "<group>"; };
		276DDFC7297EADE3008CEC48 /* LogView.swift */ = {isa = PBXFileReference; lastKnownFileType = sourcecode.swift; path = LogView.swift; sourceTree = "<group>"; };
		276DDFC9297EC130008CEC48 /* SettingsView.swift */ = {isa = PBXFileReference; lastKnownFileType = sourcecode.swift; path = SettingsView.swift; sourceTree = "<group>"; };
		2771BA5A29816F9A0093FCCB /* PatriotRvWidgetExtension.appex */ = {isa = PBXFileReference; explicitFileType = "wrapper.app-extension"; includeInIndex = 0; path = PatriotRvWidgetExtension.appex; sourceTree = BUILT_PRODUCTS_DIR; };
		2771BA5C29816F9A0093FCCB /* WidgetKit.framework */ = {isa = PBXFileReference; lastKnownFileType = wrapper.framework; name = WidgetKit.framework; path = System/Library/Frameworks/WidgetKit.framework; sourceTree = SDKROOT; };
		2771BA5E29816F9A0093FCCB /* SwiftUI.framework */ = {isa = PBXFileReference; lastKnownFileType = wrapper.framework; name = SwiftUI.framework; path = System/Library/Frameworks/SwiftUI.framework; sourceTree = SDKROOT; };
		2771BA6129816F9A0093FCCB /* PatriotRvWidgetBundle.swift */ = {isa = PBXFileReference; lastKnownFileType = sourcecode.swift; path = PatriotRvWidgetBundle.swift; sourceTree = "<group>"; };
		2771BA6329816F9A0093FCCB /* PowerWidgetLiveActivity.swift */ = {isa = PBXFileReference; lastKnownFileType = sourcecode.swift; path = PowerWidgetLiveActivity.swift; sourceTree = "<group>"; };
		2771BA6529816F9A0093FCCB /* PatriotRvWidget.swift */ = {isa = PBXFileReference; lastKnownFileType = sourcecode.swift; path = PatriotRvWidget.swift; sourceTree = "<group>"; };
		2771BA6729816F9A0093FCCB /* PatriotRvWidget.intentdefinition */ = {isa = PBXFileReference; lastKnownFileType = file.intentdefinition; path = PatriotRvWidget.intentdefinition; sourceTree = "<group>"; };
		2771BA6829816F9C0093FCCB /* Assets.xcassets */ = {isa = PBXFileReference; lastKnownFileType = folder.assetcatalog; path = Assets.xcassets; sourceTree = "<group>"; };
		2771BA6A29816F9C0093FCCB /* Info.plist */ = {isa = PBXFileReference; lastKnownFileType = text.plist.xml; path = Info.plist; sourceTree = "<group>"; };
		277CA731298A8CE30000A570 /* Trip.swift */ = {isa = PBXFileReference; lastKnownFileType = sourcecode.swift; path = Trip.swift; sourceTree = "<group>"; };
		277CA734298A956E0000A570 /* DateExtension.swift */ = {isa = PBXFileReference; lastKnownFileType = sourcecode.swift; path = DateExtension.swift; sourceTree = "<group>"; };
		277CA736298A98170000A570 /* TripListView.swift */ = {isa = PBXFileReference; lastKnownFileType = sourcecode.swift; path = TripListView.swift; sourceTree = "<group>"; };
		27BC94AD298D474500642680 /* TripTests.swift */ = {isa = PBXFileReference; lastKnownFileType = sourcecode.swift; path = TripTests.swift; sourceTree = "<group>"; };
		27BC94AF298E8A4B00642680 /* DateExtensionTests.swift */ = {isa = PBXFileReference; lastKnownFileType = sourcecode.swift; path = DateExtensionTests.swift; sourceTree = "<group>"; };
		27C1912B29894390005556F4 /* TripMode.swift */ = {isa = PBXFileReference; lastKnownFileType = sourcecode.swift; path = TripMode.swift; sourceTree = "<group>"; };
		27C50B4E2997B45100EF9DB5 /* PatriotRvWidgetExtension.entitlements */ = {isa = PBXFileReference; lastKnownFileType = text.plist.entitlements; path = PatriotRvWidgetExtension.entitlements; sourceTree = "<group>"; };
		27C50B4F2997B4D900EF9DB5 /* PatriotRV.entitlements */ = {isa = PBXFileReference; lastKnownFileType = text.plist.entitlements; path = PatriotRV.entitlements; sourceTree = "<group>"; };
		27C50B502997B52300EF9DB5 /* PatriotRVWatchApp.entitlements */ = {isa = PBXFileReference; lastKnownFileType = text.plist.entitlements; path = PatriotRVWatchApp.entitlements; sourceTree = "<group>"; };
		27C50B512997BD8900EF9DB5 /* MockMQTT.swift */ = {isa = PBXFileReference; lastKnownFileType = sourcecode.swift; path = MockMQTT.swift; sourceTree = "<group>"; };
		27C50B552997C67500EF9DB5 /* Publishing.swift */ = {isa = PBXFileReference; lastKnownFileType = sourcecode.swift; path = Publishing.swift; sourceTree = "<group>"; };
		27C50B5F29984FB700EF9DB5 /* Connectivity.swift */ = {isa = PBXFileReference; lastKnownFileType = sourcecode.swift; path = Connectivity.swift; sourceTree = "<group>"; };
		27C50B62299919EB00EF9DB5 /* WatchModel.swift */ = {isa = PBXFileReference; lastKnownFileType = sourcecode.swift; path = WatchModel.swift; sourceTree = "<group>"; };
		27C50B692999231900EF9DB5 /* ConnectivityUserInfoKey.swift */ = {isa = PBXFileReference; lastKnownFileType = sourcecode.swift; path = ConnectivityUserInfoKey.swift; sourceTree = "<group>"; };
		27C50B6C29992D2B00EF9DB5 /* ArrayExtensions.swift */ = {isa = PBXFileReference; lastKnownFileType = sourcecode.swift; path = ArrayExtensions.swift; sourceTree = "<group>"; };
		27D1C37E2985B58C00D34DAC /* AddTripView.swift */ = {isa = PBXFileReference; lastKnownFileType = sourcecode.swift; path = AddTripView.swift; sourceTree = "<group>"; };
		27D1C3802986B9D100D34DAC /* WidgetAttributes.swift */ = {isa = PBXFileReference; lastKnownFileType = sourcecode.swift; path = WidgetAttributes.swift; sourceTree = "<group>"; };
		27D1C3832987E64D00D34DAC /* Info.plist */ = {isa = PBXFileReference; lastKnownFileType = text.plist; path = Info.plist; sourceTree = "<group>"; };
		27F2A5AA297C141A00EFD417 /* PatriotRV.app */ = {isa = PBXFileReference; explicitFileType = wrapper.application; includeInIndex = 0; path = PatriotRV.app; sourceTree = BUILT_PRODUCTS_DIR; };
		27F2A5AD297C141A00EFD417 /* PatriotRVApp.swift */ = {isa = PBXFileReference; lastKnownFileType = sourcecode.swift; path = PatriotRVApp.swift; sourceTree = "<group>"; };
		27F2A5B1297C141B00EFD417 /* Assets.xcassets */ = {isa = PBXFileReference; lastKnownFileType = folder.assetcatalog; path = Assets.xcassets; sourceTree = "<group>"; };
		27F2A5B4297C141B00EFD417 /* Preview Assets.xcassets */ = {isa = PBXFileReference; lastKnownFileType = folder.assetcatalog; path = "Preview Assets.xcassets"; sourceTree = "<group>"; };
		27F2A5BA297C141B00EFD417 /* PatriotRVTests.xctest */ = {isa = PBXFileReference; explicitFileType = wrapper.cfbundle; includeInIndex = 0; path = PatriotRVTests.xctest; sourceTree = BUILT_PRODUCTS_DIR; };
		27F2A5BE297C141B00EFD417 /* ChecklistTests.swift */ = {isa = PBXFileReference; lastKnownFileType = sourcecode.swift; path = ChecklistTests.swift; sourceTree = "<group>"; };
		27F2A5C4297C141B00EFD417 /* PatriotRVUITests.xctest */ = {isa = PBXFileReference; explicitFileType = wrapper.cfbundle; includeInIndex = 0; path = PatriotRVUITests.xctest; sourceTree = BUILT_PRODUCTS_DIR; };
		27F2A5C8297C141B00EFD417 /* PatriotRVUITests.swift */ = {isa = PBXFileReference; lastKnownFileType = sourcecode.swift; path = PatriotRVUITests.swift; sourceTree = "<group>"; };
		27F2A5CA297C141B00EFD417 /* PatriotRVUITestsLaunchTests.swift */ = {isa = PBXFileReference; lastKnownFileType = sourcecode.swift; path = PatriotRVUITestsLaunchTests.swift; sourceTree = "<group>"; };
/* End PBXFileReference section */

/* Begin PBXFrameworksBuildPhase section */
		272FC2CF297C774D005C6D43 /* Frameworks */ = {
			isa = PBXFrameworksBuildPhase;
			buildActionMask = 2147483647;
			files = (
			);
			runOnlyForDeploymentPostprocessing = 0;
		};
		2771BA5729816F9A0093FCCB /* Frameworks */ = {
			isa = PBXFrameworksBuildPhase;
			buildActionMask = 2147483647;
			files = (
				2771BA5F29816F9A0093FCCB /* SwiftUI.framework in Frameworks */,
				2771BA5D29816F9A0093FCCB /* WidgetKit.framework in Frameworks */,
			);
			runOnlyForDeploymentPostprocessing = 0;
		};
		27F2A5A7297C141A00EFD417 /* Frameworks */ = {
			isa = PBXFrameworksBuildPhase;
			buildActionMask = 2147483647;
			files = (
				276270C3297C1E0D00844645 /* SwiftMQTT in Frameworks */,
			);
			runOnlyForDeploymentPostprocessing = 0;
		};
		27F2A5B7297C141B00EFD417 /* Frameworks */ = {
			isa = PBXFrameworksBuildPhase;
			buildActionMask = 2147483647;
			files = (
			);
			runOnlyForDeploymentPostprocessing = 0;
		};
		27F2A5C1297C141B00EFD417 /* Frameworks */ = {
			isa = PBXFrameworksBuildPhase;
			buildActionMask = 2147483647;
			files = (
			);
			runOnlyForDeploymentPostprocessing = 0;
		};
/* End PBXFrameworksBuildPhase section */

/* Begin PBXGroup section */
		272FC2D3297C774D005C6D43 /* PatriotRVWatchApp */ = {
			isa = PBXGroup;
			children = (
				27C50B502997B52300EF9DB5 /* PatriotRVWatchApp.entitlements */,
				272FC2D4297C774D005C6D43 /* PatriotRVWatchApp.swift */,
				272FC2D6297C774D005C6D43 /* WatchHome.swift */,
				27C50B62299919EB00EF9DB5 /* WatchModel.swift */,
				272FC2D8297C774E005C6D43 /* Assets.xcassets */,
				272FC2DA297C774E005C6D43 /* Preview Content */,
			);
			path = PatriotRVWatchApp;
			sourceTree = "<group>";
		};
		272FC2DA297C774E005C6D43 /* Preview Content */ = {
			isa = PBXGroup;
			children = (
				272FC2DB297C774E005C6D43 /* Preview Assets.xcassets */,
			);
			path = "Preview Content";
			sourceTree = "<group>";
		};
		273FCCE829A0F6D6002DB4A2 /* Mock */ = {
			isa = PBXGroup;
			children = (
				273FCCE929A0F769002DB4A2 /* MockMQTTManager.swift */,
			);
			path = Mock;
			sourceTree = "<group>";
		};
		274DBC50299FABC6007866BD /* Row Views */ = {
			isa = PBXGroup;
			children = (
				276270C9297C20E500844645 /* ChecklistRowView.swift */,
				274DBC4A299F9F98007866BD /* HomeChecklistRowView.swift */,
				274DBC4E299FAAD2007866BD /* LogRowView.swift */,
				276270D1297C21AF00844645 /* MenuRowView.swift */,
				274DBC4C299FA906007866BD /* PowerRowView.swift */,
				274DBC48299F9BBC007866BD /* TripRowView.swift */,
			);
			path = "Row Views";
			sourceTree = "<group>";
		};
		276270C4297C208900844645 /* Resources */ = {
			isa = PBXGroup;
			children = (
				276270C5297C20A000844645 /* Colors.swift */,
			);
			path = Resources;
			sourceTree = "<group>";
		};
		2771BA5B29816F9A0093FCCB /* Frameworks */ = {
			isa = PBXGroup;
			children = (
				2771BA5C29816F9A0093FCCB /* WidgetKit.framework */,
				2771BA5E29816F9A0093FCCB /* SwiftUI.framework */,
			);
			name = Frameworks;
			sourceTree = "<group>";
		};
		2771BA6029816F9A0093FCCB /* PatriotRvWidget */ = {
			isa = PBXGroup;
			children = (
				2771BA6129816F9A0093FCCB /* PatriotRvWidgetBundle.swift */,
				2771BA6329816F9A0093FCCB /* PowerWidgetLiveActivity.swift */,
				2771BA6529816F9A0093FCCB /* PatriotRvWidget.swift */,
				27D1C3802986B9D100D34DAC /* WidgetAttributes.swift */,
				2771BA6729816F9A0093FCCB /* PatriotRvWidget.intentdefinition */,
				2771BA6829816F9C0093FCCB /* Assets.xcassets */,
				2771BA6A29816F9C0093FCCB /* Info.plist */,
			);
			path = PatriotRvWidget;
			sourceTree = "<group>";
		};
		277CA733298A954A0000A570 /* Extensions */ = {
			isa = PBXGroup;
			children = (
			);
			path = Extensions;
			sourceTree = "<group>";
		};
		27C50B542997C62700EF9DB5 /* Protocols */ = {
			isa = PBXGroup;
			children = (
				27C50B552997C67500EF9DB5 /* Publishing.swift */,
			);
			path = Protocols;
			sourceTree = "<group>";
		};
		27C50B5E29984F8D00EF9DB5 /* Shared */ = {
			isa = PBXGroup;
			children = (
				276270CB297C211600844645 /* Checkmark.swift */,
				27C50B692999231900EF9DB5 /* ConnectivityUserInfoKey.swift */,
				277CA734298A956E0000A570 /* DateExtension.swift */,
				277CA731298A8CE30000A570 /* Trip.swift */,
				27C1912B29894390005556F4 /* TripMode.swift */,
			);
			path = Shared;
			sourceTree = "<group>";
		};
		27F2A5A1297C141A00EFD417 = {
			isa = PBXGroup;
			children = (
				27C50B4E2997B45100EF9DB5 /* PatriotRvWidgetExtension.entitlements */,
				27F2A5AC297C141A00EFD417 /* PatriotRV */,
				27F2A5BD297C141B00EFD417 /* PatriotRVTests */,
				27F2A5C7297C141B00EFD417 /* PatriotRVUITests */,
				27C50B5E29984F8D00EF9DB5 /* Shared */,
				272FC2D3297C774D005C6D43 /* PatriotRVWatchApp */,
				2771BA6029816F9A0093FCCB /* PatriotRvWidget */,
				2771BA5B29816F9A0093FCCB /* Frameworks */,
				27F2A5AB297C141A00EFD417 /* Products */,
			);
			sourceTree = "<group>";
		};
		27F2A5AB297C141A00EFD417 /* Products */ = {
			isa = PBXGroup;
			children = (
				27F2A5AA297C141A00EFD417 /* PatriotRV.app */,
				27F2A5BA297C141B00EFD417 /* PatriotRVTests.xctest */,
				27F2A5C4297C141B00EFD417 /* PatriotRVUITests.xctest */,
				272FC2D2297C774D005C6D43 /* PatriotRVWatchApp.app */,
				2771BA5A29816F9A0093FCCB /* PatriotRvWidgetExtension.appex */,
			);
			name = Products;
			sourceTree = "<group>";
		};
		27F2A5AC297C141A00EFD417 /* PatriotRV */ = {
			isa = PBXGroup;
			children = (
				27C50B542997C62700EF9DB5 /* Protocols */,
				27C50B4F2997B4D900EF9DB5 /* PatriotRV.entitlements */,
				27D1C3832987E64D00D34DAC /* Info.plist */,
				27F2A5AD297C141A00EFD417 /* PatriotRVApp.swift */,
				27F2A5DA297C196B00EFD417 /* Models */,
				276270C4297C208900844645 /* Resources */,
				27F2A5D9297C195400EFD417 /* Views */,
				27F2A5D8297C193B00EFD417 /* Network */,
				277CA733298A954A0000A570 /* Extensions */,
				27F2A5B1297C141B00EFD417 /* Assets.xcassets */,
				27F2A5B3297C141B00EFD417 /* Preview Content */,
			);
			path = PatriotRV;
			sourceTree = "<group>";
		};
		27F2A5B3297C141B00EFD417 /* Preview Content */ = {
			isa = PBXGroup;
			children = (
				27F2A5B4297C141B00EFD417 /* Preview Assets.xcassets */,
			);
			path = "Preview Content";
			sourceTree = "<group>";
		};
		27F2A5BD297C141B00EFD417 /* PatriotRVTests */ = {
			isa = PBXGroup;
			children = (
				27F2A5BE297C141B00EFD417 /* ChecklistTests.swift */,
				27BC94AF298E8A4B00642680 /* DateExtensionTests.swift */,
				27BC94AD298D474500642680 /* TripTests.swift */,
				273BEF0D298E8F2000A07284 /* ModelDataTests.swift */,
				27C50B512997BD8900EF9DB5 /* MockMQTT.swift */,
			);
			path = PatriotRVTests;
			sourceTree = "<group>";
		};
		27F2A5C7297C141B00EFD417 /* PatriotRVUITests */ = {
			isa = PBXGroup;
			children = (
				27F2A5C8297C141B00EFD417 /* PatriotRVUITests.swift */,
				27F2A5CA297C141B00EFD417 /* PatriotRVUITestsLaunchTests.swift */,
			);
			path = PatriotRVUITests;
			sourceTree = "<group>";
		};
		27F2A5D8297C193B00EFD417 /* Network */ = {
			isa = PBXGroup;
			children = (
				276270BD297C1BEB00844645 /* MQTTManager.swift */,
			);
			path = Network;
			sourceTree = "<group>";
		};
		27F2A5D9297C195400EFD417 /* Views */ = {
			isa = PBXGroup;
			children = (
				274DBC50299FABC6007866BD /* Row Views */,
				27D1C37E2985B58C00D34DAC /* AddTripView.swift */,
				276270C7297C20DD00844645 /* ImageHeader.swift */,
				276270BF297C1C7200844645 /* ChecklistView.swift */,
				276270CD297C212A00844645 /* DetailView.swift */,
				276DDFC5297DD8C0008CEC48 /* HomeView.swift */,
				276DDFC7297EADE3008CEC48 /* LogView.swift */,
				276270CF297C213100844645 /* MenuView.swift */,
				272FC2E4297C8838005C6D43 /* NavigationBarModifier.swift */,
				272FC2E6297D59BE005C6D43 /* PowerView.swift */,
				276DDFC9297EC130008CEC48 /* SettingsView.swift */,
				277CA736298A98170000A570 /* TripListView.swift */,
			);
			path = Views;
			sourceTree = "<group>";
		};
		27F2A5DA297C196B00EFD417 /* Models */ = {
			isa = PBXGroup;
			children = (
				273FCCE829A0F6D6002DB4A2 /* Mock */,
				27C50B6C29992D2B00EF9DB5 /* ArrayExtensions.swift */,
				276270B7297C1BC700844645 /* Checklist.swift */,
				276270B9297C1BD000844645 /* ChecklistItem.swift */,
				27C50B5F29984FB700EF9DB5 /* Connectivity.swift */,
				276270BB297C1BD800844645 /* ModelData.swift */,
				276DDFC2297DD559008CEC48 /* PowerData.swift */,
				276004BA298D373000D26ACF /* Trips.swift */,
			);
			path = Models;
			sourceTree = "<group>";
		};
/* End PBXGroup section */

/* Begin PBXNativeTarget section */
		272FC2D1297C774D005C6D43 /* PatriotRVWatchApp */ = {
			isa = PBXNativeTarget;
			buildConfigurationList = 272FC2E3297C774E005C6D43 /* Build configuration list for PBXNativeTarget "PatriotRVWatchApp" */;
			buildPhases = (
				272FC2CE297C774D005C6D43 /* Sources */,
				272FC2CF297C774D005C6D43 /* Frameworks */,
				272FC2D0297C774D005C6D43 /* Resources */,
			);
			buildRules = (
			);
			dependencies = (
			);
			name = PatriotRVWatchApp;
			productName = "PatriotRVWatch Watch App";
			productReference = 272FC2D2297C774D005C6D43 /* PatriotRVWatchApp.app */;
			productType = "com.apple.product-type.application";
		};
		2771BA5929816F9A0093FCCB /* PatriotRvWidgetExtension */ = {
			isa = PBXNativeTarget;
			buildConfigurationList = 2771BA7329816F9C0093FCCB /* Build configuration list for PBXNativeTarget "PatriotRvWidgetExtension" */;
			buildPhases = (
				2771BA5629816F9A0093FCCB /* Sources */,
				2771BA5729816F9A0093FCCB /* Frameworks */,
				2771BA5829816F9A0093FCCB /* Resources */,
			);
			buildRules = (
			);
			dependencies = (
			);
			name = PatriotRvWidgetExtension;
			productName = PatriotRvWidgetExtension;
			productReference = 2771BA5A29816F9A0093FCCB /* PatriotRvWidgetExtension.appex */;
			productType = "com.apple.product-type.app-extension";
		};
		27F2A5A9297C141A00EFD417 /* PatriotRV */ = {
			isa = PBXNativeTarget;
			buildConfigurationList = 27F2A5CE297C141B00EFD417 /* Build configuration list for PBXNativeTarget "PatriotRV" */;
			buildPhases = (
				27F2A5A6297C141A00EFD417 /* Sources */,
				27F2A5A7297C141A00EFD417 /* Frameworks */,
				27F2A5A8297C141A00EFD417 /* Resources */,
				272FC2E0297C774E005C6D43 /* Embed Watch Content */,
				2771BA7029816F9C0093FCCB /* Embed Foundation Extensions */,
			);
			buildRules = (
			);
			dependencies = (
				272FC2DE297C774E005C6D43 /* PBXTargetDependency */,
				2771BA6E29816F9C0093FCCB /* PBXTargetDependency */,
			);
			name = PatriotRV;
			packageProductDependencies = (
				276270C2297C1E0D00844645 /* SwiftMQTT */,
			);
			productName = PatriotRV;
			productReference = 27F2A5AA297C141A00EFD417 /* PatriotRV.app */;
			productType = "com.apple.product-type.application";
		};
		27F2A5B9297C141B00EFD417 /* PatriotRVTests */ = {
			isa = PBXNativeTarget;
			buildConfigurationList = 27F2A5D1297C141B00EFD417 /* Build configuration list for PBXNativeTarget "PatriotRVTests" */;
			buildPhases = (
				27F2A5B6297C141B00EFD417 /* Sources */,
				27F2A5B7297C141B00EFD417 /* Frameworks */,
				27F2A5B8297C141B00EFD417 /* Resources */,
			);
			buildRules = (
			);
			dependencies = (
				27F2A5BC297C141B00EFD417 /* PBXTargetDependency */,
			);
			name = PatriotRVTests;
			productName = PatriotRVTests;
			productReference = 27F2A5BA297C141B00EFD417 /* PatriotRVTests.xctest */;
			productType = "com.apple.product-type.bundle.unit-test";
		};
		27F2A5C3297C141B00EFD417 /* PatriotRVUITests */ = {
			isa = PBXNativeTarget;
			buildConfigurationList = 27F2A5D4297C141B00EFD417 /* Build configuration list for PBXNativeTarget "PatriotRVUITests" */;
			buildPhases = (
				27F2A5C0297C141B00EFD417 /* Sources */,
				27F2A5C1297C141B00EFD417 /* Frameworks */,
				27F2A5C2297C141B00EFD417 /* Resources */,
			);
			buildRules = (
			);
			dependencies = (
				27F2A5C6297C141B00EFD417 /* PBXTargetDependency */,
			);
			name = PatriotRVUITests;
			productName = PatriotRVUITests;
			productReference = 27F2A5C4297C141B00EFD417 /* PatriotRVUITests.xctest */;
			productType = "com.apple.product-type.bundle.ui-testing";
		};
/* End PBXNativeTarget section */

/* Begin PBXProject section */
		27F2A5A2297C141A00EFD417 /* Project object */ = {
			isa = PBXProject;
			attributes = {
				BuildIndependentTargetsInParallel = 1;
				LastSwiftUpdateCheck = 1420;
				LastUpgradeCheck = 1420;
				TargetAttributes = {
					272FC2D1297C774D005C6D43 = {
						CreatedOnToolsVersion = 14.2;
					};
					2771BA5929816F9A0093FCCB = {
						CreatedOnToolsVersion = 14.2;
					};
					27F2A5A9297C141A00EFD417 = {
						CreatedOnToolsVersion = 14.2;
					};
					27F2A5B9297C141B00EFD417 = {
						CreatedOnToolsVersion = 14.2;
						TestTargetID = 27F2A5A9297C141A00EFD417;
					};
					27F2A5C3297C141B00EFD417 = {
						CreatedOnToolsVersion = 14.2;
						TestTargetID = 27F2A5A9297C141A00EFD417;
					};
				};
			};
			buildConfigurationList = 27F2A5A5297C141A00EFD417 /* Build configuration list for PBXProject "PatriotRV" */;
			compatibilityVersion = "Xcode 14.0";
			developmentRegion = en;
			hasScannedForEncodings = 0;
			knownRegions = (
				en,
				Base,
			);
			mainGroup = 27F2A5A1297C141A00EFD417;
			packageReferences = (
				276270C1297C1E0D00844645 /* XCRemoteSwiftPackageReference "SwiftMQTT" */,
			);
			productRefGroup = 27F2A5AB297C141A00EFD417 /* Products */;
			projectDirPath = "";
			projectRoot = "";
			targets = (
				27F2A5A9297C141A00EFD417 /* PatriotRV */,
				27F2A5B9297C141B00EFD417 /* PatriotRVTests */,
				27F2A5C3297C141B00EFD417 /* PatriotRVUITests */,
				272FC2D1297C774D005C6D43 /* PatriotRVWatchApp */,
				2771BA5929816F9A0093FCCB /* PatriotRvWidgetExtension */,
			);
		};
/* End PBXProject section */

/* Begin PBXResourcesBuildPhase section */
		272FC2D0297C774D005C6D43 /* Resources */ = {
			isa = PBXResourcesBuildPhase;
			buildActionMask = 2147483647;
			files = (
				272FC2DC297C774E005C6D43 /* Preview Assets.xcassets in Resources */,
				272FC2D9297C774E005C6D43 /* Assets.xcassets in Resources */,
			);
			runOnlyForDeploymentPostprocessing = 0;
		};
		2771BA5829816F9A0093FCCB /* Resources */ = {
			isa = PBXResourcesBuildPhase;
			buildActionMask = 2147483647;
			files = (
				2771BA6929816F9C0093FCCB /* Assets.xcassets in Resources */,
			);
			runOnlyForDeploymentPostprocessing = 0;
		};
		27F2A5A8297C141A00EFD417 /* Resources */ = {
			isa = PBXResourcesBuildPhase;
			buildActionMask = 2147483647;
			files = (
				27F2A5B5297C141B00EFD417 /* Preview Assets.xcassets in Resources */,
				27F2A5B2297C141B00EFD417 /* Assets.xcassets in Resources */,
			);
			runOnlyForDeploymentPostprocessing = 0;
		};
		27F2A5B8297C141B00EFD417 /* Resources */ = {
			isa = PBXResourcesBuildPhase;
			buildActionMask = 2147483647;
			files = (
			);
			runOnlyForDeploymentPostprocessing = 0;
		};
		27F2A5C2297C141B00EFD417 /* Resources */ = {
			isa = PBXResourcesBuildPhase;
			buildActionMask = 2147483647;
			files = (
			);
			runOnlyForDeploymentPostprocessing = 0;
		};
/* End PBXResourcesBuildPhase section */

/* Begin PBXSourcesBuildPhase section */
		272FC2CE297C774D005C6D43 /* Sources */ = {
			isa = PBXSourcesBuildPhase;
			buildActionMask = 2147483647;
			files = (
				27C50B5C2997CB6900EF9DB5 /* Trip.swift in Sources */,
				27C1912D29894390005556F4 /* TripMode.swift in Sources */,
				272FC2D7297C774D005C6D43 /* WatchHome.swift in Sources */,
				27C50B6B2999231900EF9DB5 /* ConnectivityUserInfoKey.swift in Sources */,
				27C50B572997C67500EF9DB5 /* Publishing.swift in Sources */,
				27C50B6829991D4D00EF9DB5 /* Checkmark.swift in Sources */,
				27C50B63299919EB00EF9DB5 /* WatchModel.swift in Sources */,
				27C50B702999415A00EF9DB5 /* DateExtension.swift in Sources */,
				272FC2D5297C774D005C6D43 /* PatriotRVWatchApp.swift in Sources */,
			);
			runOnlyForDeploymentPostprocessing = 0;
		};
		2771BA5629816F9A0093FCCB /* Sources */ = {
			isa = PBXSourcesBuildPhase;
			buildActionMask = 2147483647;
			files = (
				27D1C3822986B9D100D34DAC /* WidgetAttributes.swift in Sources */,
				2771BA6B29816F9C0093FCCB /* PatriotRvWidget.intentdefinition in Sources */,
				27C50B582997C67500EF9DB5 /* Publishing.swift in Sources */,
				27C50B5D2997CB6A00EF9DB5 /* Trip.swift in Sources */,
				2771BA6429816F9A0093FCCB /* PowerWidgetLiveActivity.swift in Sources */,
				2736E294299BC1510044F681 /* TripMode.swift in Sources */,
				2771BA6629816F9A0093FCCB /* PatriotRvWidget.swift in Sources */,
				2771BA6229816F9A0093FCCB /* PatriotRvWidgetBundle.swift in Sources */,
			);
			runOnlyForDeploymentPostprocessing = 0;
		};
		27F2A5A6297C141A00EFD417 /* Sources */ = {
			isa = PBXSourcesBuildPhase;
			buildActionMask = 2147483647;
			files = (
				274DBC4D299FA906007866BD /* PowerRowView.swift in Sources */,
				276270BE297C1BEB00844645 /* MQTTManager.swift in Sources */,
				276270D0297C213100844645 /* MenuView.swift in Sources */,
				27C50B6029984FB700EF9DB5 /* Connectivity.swift in Sources */,
				276270CC297C211600844645 /* Checkmark.swift in Sources */,
				27F2A5AE297C141A00EFD417 /* PatriotRVApp.swift in Sources */,
				27D1C3812986B9D100D34DAC /* WidgetAttributes.swift in Sources */,
				276004BB298D373000D26ACF /* Trips.swift in Sources */,
				274DBC4F299FAAD2007866BD /* LogRowView.swift in Sources */,
				27C50B562997C67500EF9DB5 /* Publishing.swift in Sources */,
				276270BC297C1BD800844645 /* ModelData.swift in Sources */,
				276DDFC6297DD8C0008CEC48 /* HomeView.swift in Sources */,
				276270C8297C20DD00844645 /* ImageHeader.swift in Sources */,
				276DDFC8297EADE3008CEC48 /* LogView.swift in Sources */,
				27C50B6A2999231900EF9DB5 /* ConnectivityUserInfoKey.swift in Sources */,
				2771BA6C29816F9C0093FCCB /* PatriotRvWidget.intentdefinition in Sources */,
				27C50B522997BD8900EF9DB5 /* MockMQTT.swift in Sources */,
				276270CE297C212A00844645 /* DetailView.swift in Sources */,
				274DBC4B299F9F98007866BD /* HomeChecklistRowView.swift in Sources */,
				277CA735298A956E0000A570 /* DateExtension.swift in Sources */,
				276270C6297C20A000844645 /* Colors.swift in Sources */,
				277CA732298A8CE30000A570 /* Trip.swift in Sources */,
				27C1912C29894390005556F4 /* TripMode.swift in Sources */,
				272FC2E5297C8838005C6D43 /* NavigationBarModifier.swift in Sources */,
				272FC2E7297D59BE005C6D43 /* PowerView.swift in Sources */,
				276270CA297C20E500844645 /* ChecklistRowView.swift in Sources */,
				273FCCEA29A0F769002DB4A2 /* MockMQTTManager.swift in Sources */,
				276270B8297C1BC700844645 /* Checklist.swift in Sources */,
				276270BA297C1BD000844645 /* ChecklistItem.swift in Sources */,
				276DDFC3297DD559008CEC48 /* PowerData.swift in Sources */,
				277CA737298A98170000A570 /* TripListView.swift in Sources */,
				27D1C37F2985B58C00D34DAC /* AddTripView.swift in Sources */,
				276270C0297C1C7200844645 /* ChecklistView.swift in Sources */,
				276270D2297C21AF00844645 /* MenuRowView.swift in Sources */,
				274DBC49299F9BBC007866BD /* TripRowView.swift in Sources */,
				276DDFCA297EC130008CEC48 /* SettingsView.swift in Sources */,
				27C50B6D29992D2B00EF9DB5 /* ArrayExtensions.swift in Sources */,
			);
			runOnlyForDeploymentPostprocessing = 0;
		};
		27F2A5B6297C141B00EFD417 /* Sources */ = {
			isa = PBXSourcesBuildPhase;
			buildActionMask = 2147483647;
			files = (
				27BC94AE298D474500642680 /* TripTests.swift in Sources */,
				273BEF0E298E8F2000A07284 /* ModelDataTests.swift in Sources */,
				27BC94B0298E8A4B00642680 /* DateExtensionTests.swift in Sources */,
				27F2A5BF297C141B00EFD417 /* ChecklistTests.swift in Sources */,
			);
			runOnlyForDeploymentPostprocessing = 0;
		};
		27F2A5C0297C141B00EFD417 /* Sources */ = {
			isa = PBXSourcesBuildPhase;
			buildActionMask = 2147483647;
			files = (
				27F2A5CB297C141B00EFD417 /* PatriotRVUITestsLaunchTests.swift in Sources */,
				27F2A5C9297C141B00EFD417 /* PatriotRVUITests.swift in Sources */,
			);
			runOnlyForDeploymentPostprocessing = 0;
		};
/* End PBXSourcesBuildPhase section */

/* Begin PBXTargetDependency section */
		272FC2DE297C774E005C6D43 /* PBXTargetDependency */ = {
			isa = PBXTargetDependency;
			target = 272FC2D1297C774D005C6D43 /* PatriotRVWatchApp */;
			targetProxy = 272FC2DD297C774E005C6D43 /* PBXContainerItemProxy */;
		};
		2771BA6E29816F9C0093FCCB /* PBXTargetDependency */ = {
			isa = PBXTargetDependency;
			target = 2771BA5929816F9A0093FCCB /* PatriotRvWidgetExtension */;
			targetProxy = 2771BA6D29816F9C0093FCCB /* PBXContainerItemProxy */;
		};
		27F2A5BC297C141B00EFD417 /* PBXTargetDependency */ = {
			isa = PBXTargetDependency;
			target = 27F2A5A9297C141A00EFD417 /* PatriotRV */;
			targetProxy = 27F2A5BB297C141B00EFD417 /* PBXContainerItemProxy */;
		};
		27F2A5C6297C141B00EFD417 /* PBXTargetDependency */ = {
			isa = PBXTargetDependency;
			target = 27F2A5A9297C141A00EFD417 /* PatriotRV */;
			targetProxy = 27F2A5C5297C141B00EFD417 /* PBXContainerItemProxy */;
		};
/* End PBXTargetDependency section */

/* Begin XCBuildConfiguration section */
		272FC2E1297C774E005C6D43 /* Debug */ = {
			isa = XCBuildConfiguration;
			buildSettings = {
				ASSETCATALOG_COMPILER_APPICON_NAME = AppIcon;
				ASSETCATALOG_COMPILER_GLOBAL_ACCENT_COLOR_NAME = AccentColor;
				CODE_SIGN_ENTITLEMENTS = PatriotRVWatchApp/PatriotRVWatchApp.entitlements;
				CODE_SIGN_STYLE = Automatic;
				CURRENT_PROJECT_VERSION = 1;
				DEVELOPMENT_ASSET_PATHS = "\"PatriotRVWatchApp/Preview Content\"";
				DEVELOPMENT_TEAM = 65NFWK9633;
				ENABLE_PREVIEWS = YES;
				GENERATE_INFOPLIST_FILE = YES;
				INFOPLIST_KEY_CFBundleDisplayName = PatriotRVWatch;
				INFOPLIST_KEY_UISupportedInterfaceOrientations = "UIInterfaceOrientationPortrait UIInterfaceOrientationPortraitUpsideDown";
				INFOPLIST_KEY_WKCompanionAppBundleIdentifier = net.lisles.PatriotRV;
				LD_RUNPATH_SEARCH_PATHS = (
					"$(inherited)",
					"@executable_path/Frameworks",
				);
				MARKETING_VERSION = 1.0;
				PRODUCT_BUNDLE_IDENTIFIER = net.lisles.PatriotRV.watchkitapp;
				PRODUCT_NAME = "$(TARGET_NAME)";
				SDKROOT = watchos;
				SKIP_INSTALL = YES;
				SWIFT_EMIT_LOC_STRINGS = YES;
				SWIFT_VERSION = 5.0;
				TARGETED_DEVICE_FAMILY = 4;
				WATCHOS_DEPLOYMENT_TARGET = 9.1;
			};
			name = Debug;
		};
		272FC2E2297C774E005C6D43 /* Release */ = {
			isa = XCBuildConfiguration;
			buildSettings = {
				ASSETCATALOG_COMPILER_APPICON_NAME = AppIcon;
				ASSETCATALOG_COMPILER_GLOBAL_ACCENT_COLOR_NAME = AccentColor;
				CODE_SIGN_ENTITLEMENTS = PatriotRVWatchApp/PatriotRVWatchApp.entitlements;
				CODE_SIGN_STYLE = Automatic;
				CURRENT_PROJECT_VERSION = 1;
				DEVELOPMENT_ASSET_PATHS = "\"PatriotRVWatchApp/Preview Content\"";
				DEVELOPMENT_TEAM = 65NFWK9633;
				ENABLE_PREVIEWS = YES;
				GENERATE_INFOPLIST_FILE = YES;
				INFOPLIST_KEY_CFBundleDisplayName = PatriotRVWatch;
				INFOPLIST_KEY_UISupportedInterfaceOrientations = "UIInterfaceOrientationPortrait UIInterfaceOrientationPortraitUpsideDown";
				INFOPLIST_KEY_WKCompanionAppBundleIdentifier = net.lisles.PatriotRV;
				LD_RUNPATH_SEARCH_PATHS = (
					"$(inherited)",
					"@executable_path/Frameworks",
				);
				MARKETING_VERSION = 1.0;
				PRODUCT_BUNDLE_IDENTIFIER = net.lisles.PatriotRV.watchkitapp;
				PRODUCT_NAME = "$(TARGET_NAME)";
				SDKROOT = watchos;
				SKIP_INSTALL = YES;
				SWIFT_EMIT_LOC_STRINGS = YES;
				SWIFT_VERSION = 5.0;
				TARGETED_DEVICE_FAMILY = 4;
				WATCHOS_DEPLOYMENT_TARGET = 9.1;
			};
			name = Release;
		};
		2771BA7129816F9C0093FCCB /* Debug */ = {
			isa = XCBuildConfiguration;
			buildSettings = {
				ASSETCATALOG_COMPILER_GLOBAL_ACCENT_COLOR_NAME = AccentColor;
				ASSETCATALOG_COMPILER_WIDGET_BACKGROUND_COLOR_NAME = WidgetBackground;
				CODE_SIGN_ENTITLEMENTS = PatriotRvWidgetExtension.entitlements;
				CODE_SIGN_STYLE = Automatic;
				CURRENT_PROJECT_VERSION = 1;
				DEVELOPMENT_TEAM = 65NFWK9633;
				GENERATE_INFOPLIST_FILE = YES;
				INFOPLIST_FILE = PatriotRvWidget/Info.plist;
				INFOPLIST_KEY_CFBundleDisplayName = PatriotRvWidget;
				INFOPLIST_KEY_NSHumanReadableCopyright = "";
				LD_RUNPATH_SEARCH_PATHS = (
					"$(inherited)",
					"@executable_path/Frameworks",
					"@executable_path/../../Frameworks",
				);
				MARKETING_VERSION = 1.0;
				PRODUCT_BUNDLE_IDENTIFIER = net.lisles.PatriotRV.PatriotRvWidget;
				PRODUCT_NAME = "$(TARGET_NAME)";
				SKIP_INSTALL = YES;
				SWIFT_EMIT_LOC_STRINGS = YES;
				SWIFT_VERSION = 5.0;
				TARGETED_DEVICE_FAMILY = "1,2";
			};
			name = Debug;
		};
		2771BA7229816F9C0093FCCB /* Release */ = {
			isa = XCBuildConfiguration;
			buildSettings = {
				ASSETCATALOG_COMPILER_GLOBAL_ACCENT_COLOR_NAME = AccentColor;
				ASSETCATALOG_COMPILER_WIDGET_BACKGROUND_COLOR_NAME = WidgetBackground;
				CODE_SIGN_ENTITLEMENTS = PatriotRvWidgetExtension.entitlements;
				CODE_SIGN_STYLE = Automatic;
				CURRENT_PROJECT_VERSION = 1;
				DEVELOPMENT_TEAM = 65NFWK9633;
				GENERATE_INFOPLIST_FILE = YES;
				INFOPLIST_FILE = PatriotRvWidget/Info.plist;
				INFOPLIST_KEY_CFBundleDisplayName = PatriotRvWidget;
				INFOPLIST_KEY_NSHumanReadableCopyright = "";
				LD_RUNPATH_SEARCH_PATHS = (
					"$(inherited)",
					"@executable_path/Frameworks",
					"@executable_path/../../Frameworks",
				);
				MARKETING_VERSION = 1.0;
				PRODUCT_BUNDLE_IDENTIFIER = net.lisles.PatriotRV.PatriotRvWidget;
				PRODUCT_NAME = "$(TARGET_NAME)";
				SKIP_INSTALL = YES;
				SWIFT_EMIT_LOC_STRINGS = YES;
				SWIFT_VERSION = 5.0;
				TARGETED_DEVICE_FAMILY = "1,2";
			};
			name = Release;
		};
		27F2A5CC297C141B00EFD417 /* Debug */ = {
			isa = XCBuildConfiguration;
			buildSettings = {
				ALWAYS_SEARCH_USER_PATHS = NO;
				CLANG_ANALYZER_NONNULL = YES;
				CLANG_ANALYZER_NUMBER_OBJECT_CONVERSION = YES_AGGRESSIVE;
				CLANG_CXX_LANGUAGE_STANDARD = "gnu++20";
				CLANG_ENABLE_MODULES = YES;
				CLANG_ENABLE_OBJC_ARC = YES;
				CLANG_ENABLE_OBJC_WEAK = YES;
				CLANG_WARN_BLOCK_CAPTURE_AUTORELEASING = YES;
				CLANG_WARN_BOOL_CONVERSION = YES;
				CLANG_WARN_COMMA = YES;
				CLANG_WARN_CONSTANT_CONVERSION = YES;
				CLANG_WARN_DEPRECATED_OBJC_IMPLEMENTATIONS = YES;
				CLANG_WARN_DIRECT_OBJC_ISA_USAGE = YES_ERROR;
				CLANG_WARN_DOCUMENTATION_COMMENTS = YES;
				CLANG_WARN_EMPTY_BODY = YES;
				CLANG_WARN_ENUM_CONVERSION = YES;
				CLANG_WARN_INFINITE_RECURSION = YES;
				CLANG_WARN_INT_CONVERSION = YES;
				CLANG_WARN_NON_LITERAL_NULL_CONVERSION = YES;
				CLANG_WARN_OBJC_IMPLICIT_RETAIN_SELF = YES;
				CLANG_WARN_OBJC_LITERAL_CONVERSION = YES;
				CLANG_WARN_OBJC_ROOT_CLASS = YES_ERROR;
				CLANG_WARN_QUOTED_INCLUDE_IN_FRAMEWORK_HEADER = YES;
				CLANG_WARN_RANGE_LOOP_ANALYSIS = YES;
				CLANG_WARN_STRICT_PROTOTYPES = YES;
				CLANG_WARN_SUSPICIOUS_MOVE = YES;
				CLANG_WARN_UNGUARDED_AVAILABILITY = YES_AGGRESSIVE;
				CLANG_WARN_UNREACHABLE_CODE = YES;
				CLANG_WARN__DUPLICATE_METHOD_MATCH = YES;
				COPY_PHASE_STRIP = NO;
				DEBUG_INFORMATION_FORMAT = dwarf;
				ENABLE_STRICT_OBJC_MSGSEND = YES;
				ENABLE_TESTABILITY = YES;
				GCC_C_LANGUAGE_STANDARD = gnu11;
				GCC_DYNAMIC_NO_PIC = NO;
				GCC_NO_COMMON_BLOCKS = YES;
				GCC_OPTIMIZATION_LEVEL = 0;
				GCC_PREPROCESSOR_DEFINITIONS = (
					"DEBUG=1",
					"$(inherited)",
				);
				GCC_WARN_64_TO_32_BIT_CONVERSION = YES;
				GCC_WARN_ABOUT_RETURN_TYPE = YES_ERROR;
				GCC_WARN_UNDECLARED_SELECTOR = YES;
				GCC_WARN_UNINITIALIZED_AUTOS = YES_AGGRESSIVE;
				GCC_WARN_UNUSED_FUNCTION = YES;
				GCC_WARN_UNUSED_VARIABLE = YES;
				IPHONEOS_DEPLOYMENT_TARGET = 16.2;
				MTL_ENABLE_DEBUG_INFO = INCLUDE_SOURCE;
				MTL_FAST_MATH = YES;
				ONLY_ACTIVE_ARCH = YES;
				SDKROOT = iphoneos;
				SWIFT_ACTIVE_COMPILATION_CONDITIONS = DEBUG;
				SWIFT_OPTIMIZATION_LEVEL = "-Onone";
			};
			name = Debug;
		};
		27F2A5CD297C141B00EFD417 /* Release */ = {
			isa = XCBuildConfiguration;
			buildSettings = {
				ALWAYS_SEARCH_USER_PATHS = NO;
				CLANG_ANALYZER_NONNULL = YES;
				CLANG_ANALYZER_NUMBER_OBJECT_CONVERSION = YES_AGGRESSIVE;
				CLANG_CXX_LANGUAGE_STANDARD = "gnu++20";
				CLANG_ENABLE_MODULES = YES;
				CLANG_ENABLE_OBJC_ARC = YES;
				CLANG_ENABLE_OBJC_WEAK = YES;
				CLANG_WARN_BLOCK_CAPTURE_AUTORELEASING = YES;
				CLANG_WARN_BOOL_CONVERSION = YES;
				CLANG_WARN_COMMA = YES;
				CLANG_WARN_CONSTANT_CONVERSION = YES;
				CLANG_WARN_DEPRECATED_OBJC_IMPLEMENTATIONS = YES;
				CLANG_WARN_DIRECT_OBJC_ISA_USAGE = YES_ERROR;
				CLANG_WARN_DOCUMENTATION_COMMENTS = YES;
				CLANG_WARN_EMPTY_BODY = YES;
				CLANG_WARN_ENUM_CONVERSION = YES;
				CLANG_WARN_INFINITE_RECURSION = YES;
				CLANG_WARN_INT_CONVERSION = YES;
				CLANG_WARN_NON_LITERAL_NULL_CONVERSION = YES;
				CLANG_WARN_OBJC_IMPLICIT_RETAIN_SELF = YES;
				CLANG_WARN_OBJC_LITERAL_CONVERSION = YES;
				CLANG_WARN_OBJC_ROOT_CLASS = YES_ERROR;
				CLANG_WARN_QUOTED_INCLUDE_IN_FRAMEWORK_HEADER = YES;
				CLANG_WARN_RANGE_LOOP_ANALYSIS = YES;
				CLANG_WARN_STRICT_PROTOTYPES = YES;
				CLANG_WARN_SUSPICIOUS_MOVE = YES;
				CLANG_WARN_UNGUARDED_AVAILABILITY = YES_AGGRESSIVE;
				CLANG_WARN_UNREACHABLE_CODE = YES;
				CLANG_WARN__DUPLICATE_METHOD_MATCH = YES;
				COPY_PHASE_STRIP = NO;
				DEBUG_INFORMATION_FORMAT = "dwarf-with-dsym";
				ENABLE_NS_ASSERTIONS = NO;
				ENABLE_STRICT_OBJC_MSGSEND = YES;
				GCC_C_LANGUAGE_STANDARD = gnu11;
				GCC_NO_COMMON_BLOCKS = YES;
				GCC_WARN_64_TO_32_BIT_CONVERSION = YES;
				GCC_WARN_ABOUT_RETURN_TYPE = YES_ERROR;
				GCC_WARN_UNDECLARED_SELECTOR = YES;
				GCC_WARN_UNINITIALIZED_AUTOS = YES_AGGRESSIVE;
				GCC_WARN_UNUSED_FUNCTION = YES;
				GCC_WARN_UNUSED_VARIABLE = YES;
				IPHONEOS_DEPLOYMENT_TARGET = 16.2;
				MTL_ENABLE_DEBUG_INFO = NO;
				MTL_FAST_MATH = YES;
				SDKROOT = iphoneos;
				SWIFT_COMPILATION_MODE = wholemodule;
				SWIFT_OPTIMIZATION_LEVEL = "-O";
				VALIDATE_PRODUCT = YES;
			};
			name = Release;
		};
		27F2A5CF297C141B00EFD417 /* Debug */ = {
			isa = XCBuildConfiguration;
			buildSettings = {
				ALWAYS_EMBED_SWIFT_STANDARD_LIBRARIES = YES;
				ASSETCATALOG_COMPILER_APPICON_NAME = AppIcon;
				ASSETCATALOG_COMPILER_GLOBAL_ACCENT_COLOR_NAME = AccentColor;
				CODE_SIGN_ENTITLEMENTS = PatriotRV/PatriotRV.entitlements;
				CODE_SIGN_STYLE = Automatic;
				CURRENT_PROJECT_VERSION = 1;
				DEVELOPMENT_ASSET_PATHS = "\"PatriotRV/Preview Content\"";
				DEVELOPMENT_TEAM = 65NFWK9633;
				ENABLE_PREVIEWS = YES;
				GENERATE_INFOPLIST_FILE = YES;
				INFOPLIST_FILE = PatriotRV/Info.plist;
				INFOPLIST_KEY_CFBundleDisplayName = "Patriot RV";
				INFOPLIST_KEY_LSApplicationCategoryType = "public.app-category.lifestyle";
				INFOPLIST_KEY_UIApplicationSceneManifest_Generation = YES;
				INFOPLIST_KEY_UIApplicationSupportsIndirectInputEvents = YES;
				INFOPLIST_KEY_UILaunchScreen_Generation = YES;
				INFOPLIST_KEY_UISupportedInterfaceOrientations_iPad = "UIInterfaceOrientationPortrait UIInterfaceOrientationPortraitUpsideDown UIInterfaceOrientationLandscapeLeft UIInterfaceOrientationLandscapeRight";
				INFOPLIST_KEY_UISupportedInterfaceOrientations_iPhone = "UIInterfaceOrientationPortrait UIInterfaceOrientationLandscapeLeft UIInterfaceOrientationLandscapeRight";
				IPHONEOS_DEPLOYMENT_TARGET = 16.2;
				LD_RUNPATH_SEARCH_PATHS = (
					"$(inherited)",
					"@executable_path/Frameworks",
				);
				MARKETING_VERSION = 1.0;
				PRODUCT_BUNDLE_IDENTIFIER = net.lisles.PatriotRV;
				PRODUCT_NAME = "$(TARGET_NAME)";
				SWIFT_EMIT_LOC_STRINGS = YES;
				SWIFT_VERSION = 5.0;
				TARGETED_DEVICE_FAMILY = "1,2";
			};
			name = Debug;
		};
		27F2A5D0297C141B00EFD417 /* Release */ = {
			isa = XCBuildConfiguration;
			buildSettings = {
				ALWAYS_EMBED_SWIFT_STANDARD_LIBRARIES = YES;
				ASSETCATALOG_COMPILER_APPICON_NAME = AppIcon;
				ASSETCATALOG_COMPILER_GLOBAL_ACCENT_COLOR_NAME = AccentColor;
				CODE_SIGN_ENTITLEMENTS = PatriotRV/PatriotRV.entitlements;
				CODE_SIGN_STYLE = Automatic;
				CURRENT_PROJECT_VERSION = 1;
				DEVELOPMENT_ASSET_PATHS = "\"PatriotRV/Preview Content\"";
				DEVELOPMENT_TEAM = 65NFWK9633;
				ENABLE_PREVIEWS = YES;
				GENERATE_INFOPLIST_FILE = YES;
				INFOPLIST_FILE = PatriotRV/Info.plist;
				INFOPLIST_KEY_CFBundleDisplayName = "Patriot RV";
				INFOPLIST_KEY_LSApplicationCategoryType = "public.app-category.lifestyle";
				INFOPLIST_KEY_UIApplicationSceneManifest_Generation = YES;
				INFOPLIST_KEY_UIApplicationSupportsIndirectInputEvents = YES;
				INFOPLIST_KEY_UILaunchScreen_Generation = YES;
				INFOPLIST_KEY_UISupportedInterfaceOrientations_iPad = "UIInterfaceOrientationPortrait UIInterfaceOrientationPortraitUpsideDown UIInterfaceOrientationLandscapeLeft UIInterfaceOrientationLandscapeRight";
				INFOPLIST_KEY_UISupportedInterfaceOrientations_iPhone = "UIInterfaceOrientationPortrait UIInterfaceOrientationLandscapeLeft UIInterfaceOrientationLandscapeRight";
				IPHONEOS_DEPLOYMENT_TARGET = 16.2;
				LD_RUNPATH_SEARCH_PATHS = (
					"$(inherited)",
					"@executable_path/Frameworks",
				);
				MARKETING_VERSION = 1.0;
				PRODUCT_BUNDLE_IDENTIFIER = net.lisles.PatriotRV;
				PRODUCT_NAME = "$(TARGET_NAME)";
				SWIFT_EMIT_LOC_STRINGS = YES;
				SWIFT_VERSION = 5.0;
				TARGETED_DEVICE_FAMILY = "1,2";
			};
			name = Release;
		};
		27F2A5D2297C141B00EFD417 /* Debug */ = {
			isa = XCBuildConfiguration;
			buildSettings = {
				ALWAYS_EMBED_SWIFT_STANDARD_LIBRARIES = YES;
				BUNDLE_LOADER = "$(TEST_HOST)";
				CODE_SIGN_STYLE = Automatic;
				CURRENT_PROJECT_VERSION = 1;
				DEVELOPMENT_TEAM = 65NFWK9633;
				GENERATE_INFOPLIST_FILE = YES;
				IPHONEOS_DEPLOYMENT_TARGET = 16.2;
				MARKETING_VERSION = 1.0;
				PRODUCT_BUNDLE_IDENTIFIER = net.lisles.PatriotRVTests;
				PRODUCT_NAME = "$(TARGET_NAME)";
				SWIFT_EMIT_LOC_STRINGS = NO;
				SWIFT_VERSION = 5.0;
				TARGETED_DEVICE_FAMILY = "1,2";
				TEST_HOST = "$(BUILT_PRODUCTS_DIR)/PatriotRV.app/$(BUNDLE_EXECUTABLE_FOLDER_PATH)/PatriotRV";
			};
			name = Debug;
		};
		27F2A5D3297C141B00EFD417 /* Release */ = {
			isa = XCBuildConfiguration;
			buildSettings = {
				ALWAYS_EMBED_SWIFT_STANDARD_LIBRARIES = YES;
				BUNDLE_LOADER = "$(TEST_HOST)";
				CODE_SIGN_STYLE = Automatic;
				CURRENT_PROJECT_VERSION = 1;
				DEVELOPMENT_TEAM = 65NFWK9633;
				GENERATE_INFOPLIST_FILE = YES;
				IPHONEOS_DEPLOYMENT_TARGET = 16.2;
				MARKETING_VERSION = 1.0;
				PRODUCT_BUNDLE_IDENTIFIER = net.lisles.PatriotRVTests;
				PRODUCT_NAME = "$(TARGET_NAME)";
				SWIFT_EMIT_LOC_STRINGS = NO;
				SWIFT_VERSION = 5.0;
				TARGETED_DEVICE_FAMILY = "1,2";
				TEST_HOST = "$(BUILT_PRODUCTS_DIR)/PatriotRV.app/$(BUNDLE_EXECUTABLE_FOLDER_PATH)/PatriotRV";
			};
			name = Release;
		};
		27F2A5D5297C141B00EFD417 /* Debug */ = {
			isa = XCBuildConfiguration;
			buildSettings = {
				ALWAYS_EMBED_SWIFT_STANDARD_LIBRARIES = YES;
				CODE_SIGN_STYLE = Automatic;
				CURRENT_PROJECT_VERSION = 1;
				DEVELOPMENT_TEAM = 65NFWK9633;
				GENERATE_INFOPLIST_FILE = YES;
				MARKETING_VERSION = 1.0;
				PRODUCT_BUNDLE_IDENTIFIER = net.lisles.PatriotRVUITests;
				PRODUCT_NAME = "$(TARGET_NAME)";
				SWIFT_EMIT_LOC_STRINGS = NO;
				SWIFT_VERSION = 5.0;
				TARGETED_DEVICE_FAMILY = "1,2";
				TEST_TARGET_NAME = PatriotRV;
			};
			name = Debug;
		};
		27F2A5D6297C141B00EFD417 /* Release */ = {
			isa = XCBuildConfiguration;
			buildSettings = {
				ALWAYS_EMBED_SWIFT_STANDARD_LIBRARIES = YES;
				CODE_SIGN_STYLE = Automatic;
				CURRENT_PROJECT_VERSION = 1;
				DEVELOPMENT_TEAM = 65NFWK9633;
				GENERATE_INFOPLIST_FILE = YES;
				MARKETING_VERSION = 1.0;
				PRODUCT_BUNDLE_IDENTIFIER = net.lisles.PatriotRVUITests;
				PRODUCT_NAME = "$(TARGET_NAME)";
				SWIFT_EMIT_LOC_STRINGS = NO;
				SWIFT_VERSION = 5.0;
				TARGETED_DEVICE_FAMILY = "1,2";
				TEST_TARGET_NAME = PatriotRV;
			};
			name = Release;
		};
/* End XCBuildConfiguration section */

/* Begin XCConfigurationList section */
		272FC2E3297C774E005C6D43 /* Build configuration list for PBXNativeTarget "PatriotRVWatchApp" */ = {
			isa = XCConfigurationList;
			buildConfigurations = (
				272FC2E1297C774E005C6D43 /* Debug */,
				272FC2E2297C774E005C6D43 /* Release */,
			);
			defaultConfigurationIsVisible = 0;
			defaultConfigurationName = Release;
		};
		2771BA7329816F9C0093FCCB /* Build configuration list for PBXNativeTarget "PatriotRvWidgetExtension" */ = {
			isa = XCConfigurationList;
			buildConfigurations = (
				2771BA7129816F9C0093FCCB /* Debug */,
				2771BA7229816F9C0093FCCB /* Release */,
			);
			defaultConfigurationIsVisible = 0;
			defaultConfigurationName = Release;
		};
		27F2A5A5297C141A00EFD417 /* Build configuration list for PBXProject "PatriotRV" */ = {
			isa = XCConfigurationList;
			buildConfigurations = (
				27F2A5CC297C141B00EFD417 /* Debug */,
				27F2A5CD297C141B00EFD417 /* Release */,
			);
			defaultConfigurationIsVisible = 0;
			defaultConfigurationName = Release;
		};
		27F2A5CE297C141B00EFD417 /* Build configuration list for PBXNativeTarget "PatriotRV" */ = {
			isa = XCConfigurationList;
			buildConfigurations = (
				27F2A5CF297C141B00EFD417 /* Debug */,
				27F2A5D0297C141B00EFD417 /* Release */,
			);
			defaultConfigurationIsVisible = 0;
			defaultConfigurationName = Release;
		};
		27F2A5D1297C141B00EFD417 /* Build configuration list for PBXNativeTarget "PatriotRVTests" */ = {
			isa = XCConfigurationList;
			buildConfigurations = (
				27F2A5D2297C141B00EFD417 /* Debug */,
				27F2A5D3297C141B00EFD417 /* Release */,
			);
			defaultConfigurationIsVisible = 0;
			defaultConfigurationName = Release;
		};
		27F2A5D4297C141B00EFD417 /* Build configuration list for PBXNativeTarget "PatriotRVUITests" */ = {
			isa = XCConfigurationList;
			buildConfigurations = (
				27F2A5D5297C141B00EFD417 /* Debug */,
				27F2A5D6297C141B00EFD417 /* Release */,
			);
			defaultConfigurationIsVisible = 0;
			defaultConfigurationName = Release;
		};
/* End XCConfigurationList section */

/* Begin XCRemoteSwiftPackageReference section */
		276270C1297C1E0D00844645 /* XCRemoteSwiftPackageReference "SwiftMQTT" */ = {
			isa = XCRemoteSwiftPackageReference;
			repositoryURL = "https://github.com/aciidb0mb3r/SwiftMQTT";
			requirement = {
				kind = upToNextMajorVersion;
				minimumVersion = 3.0.0;
			};
		};
/* End XCRemoteSwiftPackageReference section */

/* Begin XCSwiftPackageProductDependency section */
		276270C2297C1E0D00844645 /* SwiftMQTT */ = {
			isa = XCSwiftPackageProductDependency;
			package = 276270C1297C1E0D00844645 /* XCRemoteSwiftPackageReference "SwiftMQTT" */;
			productName = SwiftMQTT;
		};
/* End XCSwiftPackageProductDependency section */
	};
	rootObject = 27F2A5A2297C141A00EFD417 /* Project object */;
}
